{
  "version": 4,
  "terraform_version": "1.15.8",
  "serial": 3,
  "lineage": "6acf8c75-154a-c35e-730c-57c37044e925",
  "outputs": {},
  "resources": [
    {
      "mode": "managed",
      "type": "local_file",
      "name": "greeting",
      "provider": "provider[\"registry.terraform.io/hashicorp/local\"]",
      "instances": [
        {
          "schema_version": 0,
          "attributes": {
            "content": "Hello, modest-cowbird! Welcome to Day 1 of TerraWeek Challenge 🚀",
            "content_base64": null,
            "content_base64sha256": "fNuZJLuKtQVnDNEUFcJRLQRNQTHAI4d+v7PJ4GooVrY=",
            "content_base64sha512": "YOe1bPqX3ATnF2pYP6vF04NfbcDujjntvJ2TiUg3aVZJANlGygRci0fTM3aELOEZOQRU0laqg6NinmftTO61wg==",
            "content_md5": "a377563f68bed0b138b814335f67e107",
            "content_sha1": "e93ff196cf5551d433c4e45cbe3101f77b34db0c",
            "content_sha256": "7cdb9924bb8ab505670cd11415c2512d044d4131c023877ebfb3c9e06a2856b6",
            "content_sha512": "60e7b56cfa97dc04e7176a583fabc5d3835f6dc0ee8e39edbc9d9389483769564900d946ca045c8b47d33376842ce119390454d256aa83a3629e67ed4ceeb5c2",
            "directory_permission": "0777",
            "file_permission": "0777",
            "filename": "./greeting.txt",
            "id": "e93ff196cf5551d433c4e45cbe3101f77b34db0c",
            "sensitive_content": null,
            "source": null
          },
          "sensitive_attributes": [
            [
              {
                "type": "get_attr",
                "value": "sensitive_content"
              }
            ]
          ],
          "identity_schema_version": 0,
          "dependencies": [
            "random_pet.name"
          ]
        }
      ]
    },
    {
      "mode": "managed",
      "type": "random_pet",
      "name": "name",
      "provider": "provider[\"registry.terraform.io/hashicorp/random\"]",
      "instances": [
        {
          "schema_version": 0,
          "attributes": {
            "id": "modest-cowbird",
            "keepers": null,
            "length": 2,
            "prefix": null,
            "separator": "-"
          },
          "sensitive_attributes": [],
          "identity_schema_version": 0
        }
      ]
    }
  ],
  "check_results": null
}
